// !$*UTF8*$!
{
	archiveVersion = 1;
	classes = {
	};
	objectVersion = 50;
	objects = {

/* Begin PBXBuildFile section */
		93BCE715252426A3009A2886 /* EdiePicApp.swift in Sources */ = {isa = PBXBuildFile; fileRef = 93BCE714252426A3009A2886 /* EdiePicApp.swift */; };
		93BCE719252426A4009A2886 /* Assets.xcassets in Resources */ = {isa = PBXBuildFile; fileRef = 93BCE718252426A4009A2886 /* Assets.xcassets */; };
		93BCE71C252426A4009A2886 /* Preview Assets.xcassets in Resources */ = {isa = PBXBuildFile; fileRef = 93BCE71B252426A4009A2886 /* Preview Assets.xcassets */; };
		93BCE727252426A5009A2886 /* EdiePicTests.swift in Sources */ = {isa = PBXBuildFile; fileRef = 93BCE726252426A5009A2886 /* EdiePicTests.swift */; };
		93BCE732252426A5009A2886 /* EdiePicUITests.swift in Sources */ = {isa = PBXBuildFile; fileRef = 93BCE731252426A5009A2886 /* EdiePicUITests.swift */; };
		93BCE746252426D0009A2886 /* FilterView.swift in Sources */ = {isa = PBXBuildFile; fileRef = 93BCE742252426D0009A2886 /* FilterView.swift */; };
		93BCE747252426D0009A2886 /* FilterViewModel.swift in Sources */ = {isa = PBXBuildFile; fileRef = 93BCE743252426D0009A2886 /* FilterViewModel.swift */; };
		93BCE748252426D0009A2886 /* ImagePicker.swift in Sources */ = {isa = PBXBuildFile; fileRef = 93BCE744252426D0009A2886 /* ImagePicker.swift */; };
		93BCE749252426D0009A2886 /* ExperimentView.swift in Sources */ = {isa = PBXBuildFile; fileRef = 93BCE745252426D0009A2886 /* ExperimentView.swift */; };
/* End PBXBuildFile section */

/* Begin PBXContainerItemProxy section */
		93BCE723252426A5009A2886 /* PBXContainerItemProxy */ = {
			isa = PBXContainerItemProxy;
			containerPortal = 93BCE709252426A3009A2886 /* Project object */;
			proxyType = 1;
			remoteGlobalIDString = 93BCE710252426A3009A2886;
			remoteInfo = EdiePic;
		};
		93BCE72E252426A5009A2886 /* PBXContainerItemProxy */ = {
			isa = PBXContainerItemProxy;
			containerPortal = 93BCE709252426A3009A2886 /* Project object */;
			proxyType = 1;
			remoteGlobalIDString = 93BCE710252426A3009A2886;
			remoteInfo = EdiePic;
		};
/* End PBXContainerItemProxy section */

/* Begin PBXFileReference section */
		93BCE711252426A3009A2886 /* EdiePic.app */ = {isa = PBXFileReference; explicitFileType = wrapper.application; includeInIndex = 0; path = EdiePic.app; sourceTree = BUILT_PRODUCTS_DIR; };
		93BCE714252426A3009A2886 /* EdiePicApp.swift */ = {isa = PBXFileReference; lastKnownFileType = sourcecode.swift; path = EdiePicApp.swift; sourceTree = "<group>"; };
		93BCE718252426A4009A2886 /* Assets.xcassets */ = {isa = PBXFileReference; lastKnownFileType = folder.assetcatalog; path = Assets.xcassets; sourceTree = "<group>"; };
		93BCE71B252426A4009A2886 /* Preview Assets.xcassets */ = {isa = PBXFileReference; lastKnownFileType = folder.assetcatalog; path = "Preview Assets.xcassets"; sourceTree = "<group>"; };
		93BCE71D252426A4009A2886 /* Info.plist */ = {isa = PBXFileReference; lastKnownFileType = text.plist.xml; path = Info.plist; sourceTree = "<group>"; };
		93BCE722252426A5009A2886 /* EdiePicTests.xctest */ = {isa = PBXFileReference; explicitFileType = wrapper.cfbundle; includeInIndex = 0; path = EdiePicTests.xctest; sourceTree = BUILT_PRODUCTS_DIR; };
		93BCE726252426A5009A2886 /* EdiePicTests.swift */ = {isa = PBXFileReference; lastKnownFileType = sourcecode.swift; path = EdiePicTests.swift; sourceTree = "<group>"; };
		93BCE728252426A5009A2886 /* Info.plist */ = {isa = PBXFileReference; lastKnownFileType = text.plist.xml; path = Info.plist; sourceTree = "<group>"; };
		93BCE72D252426A5009A2886 /* EdiePicUITests.xctest */ = {isa = PBXFileReference; explicitFileType = wrapper.cfbundle; includeInIndex = 0; path = EdiePicUITests.xctest; sourceTree = BUILT_PRODUCTS_DIR; };
		93BCE731252426A5009A2886 /* EdiePicUITests.swift */ = {isa = PBXFileReference; lastKnownFileType = sourcecode.swift; path = EdiePicUITests.swift; sourceTree = "<group>"; };
		93BCE733252426A5009A2886 /* Info.plist */ = {isa = PBXFileReference; lastKnownFileType = text.plist.xml; path = Info.plist; sourceTree = "<group>"; };
		93BCE742252426D0009A2886 /* FilterView.swift */ = {isa = PBXFileReference; fileEncoding = 4; lastKnownFileType = sourcecode.swift; path = FilterView.swift; sourceTree = "<group>"; };
		93BCE743252426D0009A2886 /* FilterViewModel.swift */ = {isa = PBXFileReference; fileEncoding = 4; lastKnownFileType = sourcecode.swift; path = FilterViewModel.swift; sourceTree = "<group>"; };
		93BCE744252426D0009A2886 /* ImagePicker.swift */ = {isa = PBXFileReference; fileEncoding = 4; lastKnownFileType = sourcecode.swift; path = ImagePicker.swift; sourceTree = "<group>"; };
		93BCE745252426D0009A2886 /* ExperimentView.swift */ = {isa = PBXFileReference; fileEncoding = 4; lastKnownFileType = sourcecode.swift; path = ExperimentView.swift; sourceTree = "<group>"; };
/* End PBXFileReference section */

/* Begin PBXFrameworksBuildPhase section */
		93BCE70E252426A3009A2886 /* Frameworks */ = {
			isa = PBXFrameworksBuildPhase;
			buildActionMask = 2147483647;
			files = (
			);
			runOnlyForDeploymentPostprocessing = 0;
		};
		93BCE71F252426A5009A2886 /* Frameworks */ = {
			isa = PBXFrameworksBuildPhase;
			buildActionMask = 2147483647;
			files = (
			);
			runOnlyForDeploymentPostprocessing = 0;
		};
		93BCE72A252426A5009A2886 /* Frameworks */ = {
			isa = PBXFrameworksBuildPhase;
			buildActionMask = 2147483647;
			files = (
			);
			runOnlyForDeploymentPostprocessing = 0;
		};
/* End PBXFrameworksBuildPhase section */

/* Begin PBXGroup section */
		93BCE708252426A3009A2886 = {
			isa = PBXGroup;
			children = (
				93BCE713252426A3009A2886 /* EdiePic */,
				93BCE725252426A5009A2886 /* EdiePicTests */,
				93BCE730252426A5009A2886 /* EdiePicUITests */,
				93BCE712252426A3009A2886 /* Products */,
			);
			sourceTree = "<group>";
		};
		93BCE712252426A3009A2886 /* Products */ = {
			isa = PBXGroup;
			children = (
				93BCE711252426A3009A2886 /* EdiePic.app */,
				93BCE722252426A5009A2886 /* EdiePicTests.xctest */,
				93BCE72D252426A5009A2886 /* EdiePicUITests.xctest */,
			);
			name = Products;
			sourceTree = "<group>";
		};
		93BCE713252426A3009A2886 /* EdiePic */ = {
			isa = PBXGroup;
			children = (
				93BCE714252426A3009A2886 /* EdiePicApp.swift */,
				93BCE745252426D0009A2886 /* ExperimentView.swift */,
				93BCE742252426D0009A2886 /* FilterView.swift */,
				93BCE743252426D0009A2886 /* FilterViewModel.swift */,
				93BCE744252426D0009A2886 /* ImagePicker.swift */,
				93BCE718252426A4009A2886 /* Assets.xcassets */,
				93BCE71D252426A4009A2886 /* Info.plist */,
				93BCE71A252426A4009A2886 /* Preview Content */,
			);
			path = EdiePic;
			sourceTree = "<group>";
		};
		93BCE71A252426A4009A2886 /* Preview Content */ = {
			isa = PBXGroup;
			children = (
				93BCE71B252426A4009A2886 /* Preview Assets.xcassets */,
			);
			path = "Preview Content";
			sourceTree = "<group>";
		};
		93BCE725252426A5009A2886 /* EdiePicTests */ = {
			isa = PBXGroup;
			children = (
				93BCE726252426A5009A2886 /* EdiePicTests.swift */,
				93BCE728252426A5009A2886 /* Info.plist */,
			);
			path = EdiePicTests;
			sourceTree = "<group>";
		};
		93BCE730252426A5009A2886 /* EdiePicUITests */ = {
			isa = PBXGroup;
			children = (
				93BCE731252426A5009A2886 /* EdiePicUITests.swift */,
				93BCE733252426A5009A2886 /* Info.plist */,
			);
			path = EdiePicUITests;
			sourceTree = "<group>";
		};
/* End PBXGroup section */

/* Begin PBXNativeTarget section */
		93BCE710252426A3009A2886 /* EdiePic */ = {
			isa = PBXNativeTarget;
			buildConfigurationList = 93BCE736252426A5009A2886 /* Build configuration list for PBXNativeTarget "EdiePic" */;
			buildPhases = (
				93BCE70D252426A3009A2886 /* Sources */,
				93BCE70E252426A3009A2886 /* Frameworks */,
				93BCE70F252426A3009A2886 /* Resources */,
			);
			buildRules = (
			);
			dependencies = (
			);
			name = EdiePic;
			productName = EdiePic;
			productReference = 93BCE711252426A3009A2886 /* EdiePic.app */;
			productType = "com.apple.product-type.application";
		};
		93BCE721252426A5009A2886 /* EdiePicTests */ = {
			isa = PBXNativeTarget;
			buildConfigurationList = 93BCE739252426A5009A2886 /* Build configuration list for PBXNativeTarget "EdiePicTests" */;
			buildPhases = (
				93BCE71E252426A5009A2886 /* Sources */,
				93BCE71F252426A5009A2886 /* Frameworks */,
				93BCE720252426A5009A2886 /* Resources */,
			);
			buildRules = (
			);
			dependencies = (
				93BCE724252426A5009A2886 /* PBXTargetDependency */,
			);
			name = EdiePicTests;
			productName = EdiePicTests;
			productReference = 93BCE722252426A5009A2886 /* EdiePicTests.xctest */;
			productType = "com.apple.product-type.bundle.unit-test";
		};
		93BCE72C252426A5009A2886 /* EdiePicUITests */ = {
			isa = PBXNativeTarget;
			buildConfigurationList = 93BCE73C252426A5009A2886 /* Build configuration list for PBXNativeTarget "EdiePicUITests" */;
			buildPhases = (
				93BCE729252426A5009A2886 /* Sources */,
				93BCE72A252426A5009A2886 /* Frameworks */,
				93BCE72B252426A5009A2886 /* Resources */,
			);
			buildRules = (
			);
			dependencies = (
				93BCE72F252426A5009A2886 /* PBXTargetDependency */,
			);
			name = EdiePicUITests;
			productName = EdiePicUITests;
			productReference = 93BCE72D252426A5009A2886 /* EdiePicUITests.xctest */;
			productType = "com.apple.product-type.bundle.ui-testing";
		};
/* End PBXNativeTarget section */

/* Begin PBXProject section */
		93BCE709252426A3009A2886 /* Project object */ = {
			isa = PBXProject;
			attributes = {
				LastSwiftUpdateCheck = 1200;
				LastUpgradeCheck = 1200;
				TargetAttributes = {
					93BCE710252426A3009A2886 = {
						CreatedOnToolsVersion = 12.0;
					};
					93BCE721252426A5009A2886 = {
						CreatedOnToolsVersion = 12.0;
						TestTargetID = 93BCE710252426A3009A2886;
					};
					93BCE72C252426A5009A2886 = {
						CreatedOnToolsVersion = 12.0;
						TestTargetID = 93BCE710252426A3009A2886;
					};
				};
			};
			buildConfigurationList = 93BCE70C252426A3009A2886 /* Build configuration list for PBXProject "EdiePic" */;
			compatibilityVersion = "Xcode 9.3";
			developmentRegion = en;
			hasScannedForEncodings = 0;
			knownRegions = (
				en,
				Base,
			);
			mainGroup = 93BCE708252426A3009A2886;
			productRefGroup = 93BCE712252426A3009A2886 /* Products */;
			projectDirPath = "";
			projectRoot = "";
			targets = (
				93BCE710252426A3009A2886 /* EdiePic */,
				93BCE721252426A5009A2886 /* EdiePicTests */,
				93BCE72C252426A5009A2886 /* EdiePicUITests */,
			);
		};
/* End PBXProject section */

/* Begin PBXResourcesBuildPhase section */
		93BCE70F252426A3009A2886 /* Resources */ = {
			isa = PBXResourcesBuildPhase;
			buildActionMask = 2147483647;
			files = (
				93BCE71C252426A4009A2886 /* Preview Assets.xcassets in Resources */,
				93BCE719252426A4009A2886 /* Assets.xcassets in Resources */,
			);
			runOnlyForDeploymentPostprocessing = 0;
		};
		93BCE720252426A5009A2886 /* Resources */ = {
			isa = PBXResourcesBuildPhase;
			buildActionMask = 2147483647;
			files = (
			);
			runOnlyForDeploymentPostprocessing = 0;
		};
		93BCE72B252426A5009A2886 /* Resources */ = {
			isa = PBXResourcesBuildPhase;
			buildActionMask = 2147483647;
			files = (
			);
			runOnlyForDeploymentPostprocessing = 0;
		};
/* End PBXResourcesBuildPhase section */

/* Begin PBXSourcesBuildPhase section */
		93BCE70D252426A3009A2886 /* Sources */ = {
			isa = PBXSourcesBuildPhase;
			buildActionMask = 2147483647;
			files = (
				93BCE746252426D0009A2886 /* FilterView.swift in Sources */,
				93BCE748252426D0009A2886 /* ImagePicker.swift in Sources */,
				93BCE749252426D0009A2886 /* ExperimentView.swift in Sources */,
				93BCE747252426D0009A2886 /* FilterViewModel.swift in Sources */,
				93BCE715252426A3009A2886 /* EdiePicApp.swift in Sources */,
			);
			runOnlyForDeploymentPostprocessing = 0;
		};
		93BCE71E252426A5009A2886 /* Sources */ = {
			isa = PBXSourcesBuildPhase;
			buildActionMask = 2147483647;
			files = (
				93BCE727252426A5009A2886 /* EdiePicTests.swift in Sources */,
			);
			runOnlyForDeploymentPostprocessing = 0;
		};
		93BCE729252426A5009A2886 /* Sources */ = {
			isa = PBXSourcesBuildPhase;
			buildActionMask = 2147483647;
			files = (
				93BCE732252426A5009A2886 /* EdiePicUITests.swift in Sources */,
			);
			runOnlyForDeploymentPostprocessing = 0;
		};
/* End PBXSourcesBuildPhase section */

/* Begin PBXTargetDependency section */
		93BCE724252426A5009A2886 /* PBXTargetDependency */ = {
			isa = PBXTargetDependency;
			target = 93BCE710252426A3009A2886 /* EdiePic */;
			targetProxy = 93BCE723252426A5009A2886 /* PBXContainerItemProxy */;
		};
		93BCE72F252426A5009A2886 /* PBXTargetDependency */ = {
			isa = PBXTargetDependency;
			target = 93BCE710252426A3009A2886 /* EdiePic */;
			targetProxy = 93BCE72E252426A5009A2886 /* PBXContainerItemProxy */;
		};
/* End PBXTargetDependency section */

/* Begin XCBuildConfiguration section */
		93BCE734252426A5009A2886 /* Debug */ = {
			isa = XCBuildConfiguration;
			buildSettings = {
				ALWAYS_SEARCH_USER_PATHS = NO;
				CLANG_ANALYZER_NONNULL = YES;
				CLANG_ANALYZER_NUMBER_OBJECT_CONVERSION = YES_AGGRESSIVE;
				CLANG_CXX_LANGUAGE_STANDARD = "gnu++14";
				CLANG_CXX_LIBRARY = "libc++";
				CLANG_ENABLE_MODULES = YES;
				CLANG_ENABLE_OBJC_ARC = YES;
				CLANG_ENABLE_OBJC_WEAK = YES;
				CLANG_WARN_BLOCK_CAPTURE_AUTORELEASING = YES;
				CLANG_WARN_BOOL_CONVERSION = YES;
				CLANG_WARN_COMMA = YES;
				CLANG_WARN_CONSTANT_CONVERSION = YES;
				CLANG_WARN_DEPRECATED_OBJC_IMPLEMENTATIONS = YES;
				CLANG_WARN_DIRECT_OBJC_ISA_USAGE = YES_ERROR;
				CLANG_WARN_DOCUMENTATION_COMMENTS = YES;
				CLANG_WARN_EMPTY_BODY = YES;
				CLANG_WARN_ENUM_CONVERSION = YES;
				CLANG_WARN_INFINITE_RECURSION = YES;
				CLANG_WARN_INT_CONVERSION = YES;
				CLANG_WARN_NON_LITERAL_NULL_CONVERSION = YES;
				CLANG_WARN_OBJC_IMPLICIT_RETAIN_SELF = YES;
				CLANG_WARN_OBJC_LITERAL_CONVERSION = YES;
				CLANG_WARN_OBJC_ROOT_CLASS = YES_ERROR;
				CLANG_WARN_QUOTED_INCLUDE_IN_FRAMEWORK_HEADER = YES;
				CLANG_WARN_RANGE_LOOP_ANALYSIS = YES;
				CLANG_WARN_STRICT_PROTOTYPES = YES;
				CLANG_WARN_SUSPICIOUS_MOVE = YES;
				CLANG_WARN_UNGUARDED_AVAILABILITY = YES_AGGRESSIVE;
				CLANG_WARN_UNREACHABLE_CODE = YES;
				CLANG_WARN__DUPLICATE_METHOD_MATCH = YES;
				COPY_PHASE_STRIP = NO;
				DEBUG_INFORMATION_FORMAT = dwarf;
				ENABLE_STRICT_OBJC_MSGSEND = YES;
				ENABLE_TESTABILITY = YES;
				GCC_C_LANGUAGE_STANDARD = gnu11;
				GCC_DYNAMIC_NO_PIC = NO;
				GCC_NO_COMMON_BLOCKS = YES;
				GCC_OPTIMIZATION_LEVEL = 0;
				GCC_PREPROCESSOR_DEFINITIONS = (
					"DEBUG=1",
					"$(inherited)",
				);
				GCC_WARN_64_TO_32_BIT_CONVERSION = YES;
				GCC_WARN_ABOUT_RETURN_TYPE = YES_ERROR;
				GCC_WARN_UNDECLARED_SELECTOR = YES;
				GCC_WARN_UNINITIALIZED_AUTOS = YES_AGGRESSIVE;
				GCC_WARN_UNUSED_FUNCTION = YES;
				GCC_WARN_UNUSED_VARIABLE = YES;
				IPHONEOS_DEPLOYMENT_TARGET = 14.0;
				MTL_ENABLE_DEBUG_INFO = INCLUDE_SOURCE;
				MTL_FAST_MATH = YES;
				ONLY_ACTIVE_ARCH = YES;
				SDKROOT = iphoneos;
				SWIFT_ACTIVE_COMPILATION_CONDITIONS = DEBUG;
				SWIFT_OPTIMIZATION_LEVEL = "-Onone";
			};
			name = Debug;
		};
		93BCE735252426A5009A2886 /* Release */ = {
			isa = XCBuildConfiguration;
			buildSettings = {
				ALWAYS_SEARCH_USER_PATHS = NO;
				CLANG_ANALYZER_NONNULL = YES;
				CLANG_ANALYZER_NUMBER_OBJECT_CONVERSION = YES_AGGRESSIVE;
				CLANG_CXX_LANGUAGE_STANDARD = "gnu++14";
				CLANG_CXX_LIBRARY = "libc++";
				CLANG_ENABLE_MODULES = YES;
				CLANG_ENABLE_OBJC_ARC = YES;
				CLANG_ENABLE_OBJC_WEAK = YES;
				CLANG_WARN_BLOCK_CAPTURE_AUTORELEASING = YES;
				CLANG_WARN_BOOL_CONVERSION = YES;
				CLANG_WARN_COMMA = YES;
				CLANG_WARN_CONSTANT_CONVERSION = YES;
				CLANG_WARN_DEPRECATED_OBJC_IMPLEMENTATIONS = YES;
				CLANG_WARN_DIRECT_OBJC_ISA_USAGE = YES_ERROR;
				CLANG_WARN_DOCUMENTATION_COMMENTS = YES;
				CLANG_WARN_EMPTY_BODY = YES;
				CLANG_WARN_ENUM_CONVERSION = YES;
				CLANG_WARN_INFINITE_RECURSION = YES;
				CLANG_WARN_INT_CONVERSION = YES;
				CLANG_WARN_NON_LITERAL_NULL_CONVERSION = YES;
				CLANG_WARN_OBJC_IMPLICIT_RETAIN_SELF = YES;
				CLANG_WARN_OBJC_LITERAL_CONVERSION = YES;
				CLANG_WARN_OBJC_ROOT_CLASS = YES_ERROR;
				CLANG_WARN_QUOTED_INCLUDE_IN_FRAMEWORK_HEADER = YES;
				CLANG_WARN_RANGE_LOOP_ANALYSIS = YES;
				CLANG_WARN_STRICT_PROTOTYPES = YES;
				CLANG_WARN_SUSPICIOUS_MOVE = YES;
				CLANG_WARN_UNGUARDED_AVAILABILITY = YES_AGGRESSIVE;
				CLANG_WARN_UNREACHABLE_CODE = YES;
				CLANG_WARN__DUPLICATE_METHOD_MATCH = YES;
				COPY_PHASE_STRIP = NO;
				DEBUG_INFORMATION_FORMAT = "dwarf-with-dsym";
				ENABLE_NS_ASSERTIONS = NO;
				ENABLE_STRICT_OBJC_MSGSEND = YES;
				GCC_C_LANGUAGE_STANDARD = gnu11;
				GCC_NO_COMMON_BLOCKS = YES;
				GCC_WARN_64_TO_32_BIT_CONVERSION = YES;
				GCC_WARN_ABOUT_RETURN_TYPE = YES_ERROR;
				GCC_WARN_UNDECLARED_SELECTOR = YES;
				GCC_WARN_UNINITIALIZED_AUTOS = YES_AGGRESSIVE;
				GCC_WARN_UNUSED_FUNCTION = YES;
				GCC_WARN_UNUSED_VARIABLE = YES;
				IPHONEOS_DEPLOYMENT_TARGET = 14.0;
				MTL_ENABLE_DEBUG_INFO = NO;
				MTL_FAST_MATH = YES;
				SDKROOT = iphoneos;
				SWIFT_COMPILATION_MODE = wholemodule;
				SWIFT_OPTIMIZATION_LEVEL = "-O";
				VALIDATE_PRODUCT = YES;
			};
			name = Release;
		};
		93BCE737252426A5009A2886 /* Debug */ = {
			isa = XCBuildConfiguration;
			buildSettings = {
				ASSETCATALOG_COMPILER_APPICON_NAME = AppIcon;
				ASSETCATALOG_COMPILER_GLOBAL_ACCENT_COLOR_NAME = AccentColor;
				CODE_SIGN_STYLE = Automatic;
				DEVELOPMENT_ASSET_PATHS = "\"EdiePic/Preview Content\"";
				ENABLE_PREVIEWS = YES;
				INFOPLIST_FILE = EdiePic/Info.plist;
				IPHONEOS_DEPLOYMENT_TARGET = 14.0;
				LD_RUNPATH_SEARCH_PATHS = (
					"$(inherited)",
					"@executable_path/Frameworks",
				);
				PRODUCT_BUNDLE_IDENTIFIER = "com.go-jek.EdiePic";
				PRODUCT_NAME = "$(TARGET_NAME)";
				SWIFT_VERSION = 5.0;
				TARGETED_DEVICE_FAMILY = "1,2";
			};
			name = Debug;
		};
		93BCE738252426A5009A2886 /* Release */ = {
			isa = XCBuildConfiguration;
			buildSettings = {
				ASSETCATALOG_COMPILER_APPICON_NAME = AppIcon;
				ASSETCATALOG_COMPILER_GLOBAL_ACCENT_COLOR_NAME = AccentColor;
				CODE_SIGN_STYLE = Automatic;
				DEVELOPMENT_ASSET_PATHS = "\"EdiePic/Preview Content\"";
				ENABLE_PREVIEWS = YES;
				INFOPLIST_FILE = EdiePic/Info.plist;
				IPHONEOS_DEPLOYMENT_TARGET = 14.0;
				LD_RUNPATH_SEARCH_PATHS = (
					"$(inherited)",
					"@executable_path/Frameworks",
				);
				PRODUCT_BUNDLE_IDENTIFIER = "com.go-jek.EdiePic";
				PRODUCT_NAME = "$(TARGET_NAME)";
				SWIFT_VERSION = 5.0;
				TARGETED_DEVICE_FAMILY = "1,2";
			};
			name = Release;
		};
		93BCE73A252426A5009A2886 /* Debug */ = {
			isa = XCBuildConfiguration;
			buildSettings = {
				ALWAYS_EMBED_SWIFT_STANDARD_LIBRARIES = YES;
				BUNDLE_LOADER = "$(TEST_HOST)";
				CODE_SIGN_STYLE = Automatic;
				INFOPLIST_FILE = EdiePicTests/Info.plist;
				IPHONEOS_DEPLOYMENT_TARGET = 14.0;
				LD_RUNPATH_SEARCH_PATHS = (
					"$(inherited)",
					"@executable_path/Frameworks",
					"@loader_path/Frameworks",
				);
				PRODUCT_BUNDLE_IDENTIFIER = "com.go-jek.EdiePicTests";
				PRODUCT_NAME = "$(TARGET_NAME)";
				SWIFT_VERSION = 5.0;
				TARGETED_DEVICE_FAMILY = "1,2";
				TEST_HOST = "$(BUILT_PRODUCTS_DIR)/EdiePic.app/EdiePic";
			};
			name = Debug;
		};
		93BCE73B252426A5009A2886 /* Release */ = {
			isa = XCBuildConfiguration;
			buildSettings = {
				ALWAYS_EMBED_SWIFT_STANDARD_LIBRARIES = YES;
				BUNDLE_LOADER = "$(TEST_HOST)";
				CODE_SIGN_STYLE = Automatic;
				INFOPLIST_FILE = EdiePicTests/Info.plist;
				IPHONEOS_DEPLOYMENT_TARGET = 14.0;
				LD_RUNPATH_SEARCH_PATHS = (
					"$(inherited)",
					"@executable_path/Frameworks",
					"@loader_path/Frameworks",
				);
				PRODUCT_BUNDLE_IDENTIFIER = "com.go-jek.EdiePicTests";
				PRODUCT_NAME = "$(TARGET_NAME)";
				SWIFT_VERSION = 5.0;
				TARGETED_DEVICE_FAMILY = "1,2";
				TEST_HOST = "$(BUILT_PRODUCTS_DIR)/EdiePic.app/EdiePic";
			};
			name = Release;
		};
		93BCE73D252426A5009A2886 /* Debug */ = {
			isa = XCBuildConfiguration;
			buildSettings = {
				ALWAYS_EMBED_SWIFT_STANDARD_LIBRARIES = YES;
				CODE_SIGN_STYLE = Automatic;
				INFOPLIST_FILE = EdiePicUITests/Info.plist;
				LD_RUNPATH_SEARCH_PATHS = (
					"$(inherited)",
					"@executable_path/Frameworks",
					"@loader_path/Frameworks",
				);
				PRODUCT_BUNDLE_IDENTIFIER = "com.go-jek.EdiePicUITests";
				PRODUCT_NAME = "$(TARGET_NAME)";
				SWIFT_VERSION = 5.0;
				TARGETED_DEVICE_FAMILY = "1,2";
				TEST_TARGET_NAME = EdiePic;
			};
			name = Debug;
		};
		93BCE73E252426A5009A2886 /* Release */ = {
			isa = XCBuildConfiguration;
			buildSettings = {
				ALWAYS_EMBED_SWIFT_STANDARD_LIBRARIES = YES;
				CODE_SIGN_STYLE = Automatic;
				INFOPLIST_FILE = EdiePicUITests/Info.plist;
				LD_RUNPATH_SEARCH_PATHS = (
					"$(inherited)",
					"@executable_path/Frameworks",
					"@loader_path/Frameworks",
				);
				PRODUCT_BUNDLE_IDENTIFIER = "com.go-jek.EdiePicUITests";
				PRODUCT_NAME = "$(TARGET_NAME)";
				SWIFT_VERSION = 5.0;
				TARGETED_DEVICE_FAMILY = "1,2";
				TEST_TARGET_NAME = EdiePic;
			};
			name = Release;
		};
/* End XCBuildConfiguration section */

/* Begin XCConfigurationList section */
		93BCE70C252426A3009A2886 /* Build configuration list for PBXProject "EdiePic" */ = {
			isa = XCConfigurationList;
			buildConfigurations = (
				93BCE734252426A5009A2886 /* Debug */,
				93BCE735252426A5009A2886 /* Release */,
			);
			defaultConfigurationIsVisible = 0;
			defaultConfigurationName = Release;
		};
		93BCE736252426A5009A2886 /* Build configuration list for PBXNativeTarget "EdiePic" */ = {
			isa = XCConfigurationList;
			buildConfigurations = (
				93BCE737252426A5009A2886 /* Debug */,
				93BCE738252426A5009A2886 /* Release */,
			);
			defaultConfigurationIsVisible = 0;
			defaultConfigurationName = Release;
		};
		93BCE739252426A5009A2886 /* Build configuration list for PBXNativeTarget "EdiePicTests" */ = {
			isa = XCConfigurationList;
			buildConfigurations = (
				93BCE73A252426A5009A2886 /* Debug */,
				93BCE73B252426A5009A2886 /* Release */,
			);
			defaultConfigurationIsVisible = 0;
			defaultConfigurationName = Release;
		};
		93BCE73C252426A5009A2886 /* Build configuration list for PBXNativeTarget "EdiePicUITests" */ = {
			isa = XCConfigurationList;
			buildConfigurations = (
				93BCE73D252426A5009A2886 /* Debug */,
				93BCE73E252426A5009A2886 /* Release */,
			);
			defaultConfigurationIsVisible = 0;
			defaultConfigurationName = Release;
		};
/* End XCConfigurationList section */
	};
	rootObject = 93BCE709252426A3009A2886 /* Project object */;
}
